
Microsoft Visual Studio Solution File, Format Version 12.00
# Visual Studio Version 17
VisualStudioVersion = 17.6.33712.159
MinimumVisualStudioVersion = 10.0.40219.1
Project("{FAE04EC0-301F-11D3-BF4B-00C04F79EFBC}") = "Parcelas", "Parcelas\Parcelas.csproj", "{0642A658-B194-4B58-8466-4DF9E1459AA0}"
EndProject
Global
	GlobalSection(SolutionConfigurationPlatforms) = preSolution
		Debug|Any CPU = Debug|Any CPU
		Release|Any CPU = Release|Any CPU
	EndGlobalSection
	GlobalSection(ProjectConfigurationPlatforms) = postSolution
		{0642A658-B194-4B58-8466-4DF9E1459AA0}.Debug|Any CPU.ActiveCfg = Debug|Any CPU
		{0642A658-B194-4B58-8466-4DF9E1459AA0}.Debug|Any CPU.Build.0 = Debug|Any CPU
		{0642A658-B194-4B58-8466-4DF9E1459AA0}.Release|Any CPU.ActiveCfg = Release|Any CPU
		{0642A658-B194-4B58-8466-4DF9E1459AA0}.Release|Any CPU.Build.0 = Release|Any CPU
	EndGlobalSection
	GlobalSection(SolutionProperties) = preSolution
		HideSolutionNode = FALSE
	EndGlobalSection
	GlobalSection(ExtensibilityGlobals) = postSolution
		SolutionGuid = {981F9E3E-B71E-43D8-A239-E2FB61F2A084}
	EndGlobalSection
EndGlobal
